// !$*UTF8*$!
{
	archiveVersion = 1;
	classes = {
	};
	objectVersion = 55;
	objects = {

/* Begin PBXBuildFile section */
		4FEC761F27F3F4EA000E548F /* AppDelegate.swift in Sources */ = {isa = PBXBuildFile; fileRef = 4FEC761E27F3F4EA000E548F /* AppDelegate.swift */; };
		4FEC762127F3F4EA000E548F /* SceneDelegate.swift in Sources */ = {isa = PBXBuildFile; fileRef = 4FEC762027F3F4EA000E548F /* SceneDelegate.swift */; };
		4FEC762327F3F4EA000E548F /* ViewController.swift in Sources */ = {isa = PBXBuildFile; fileRef = 4FEC762227F3F4EA000E548F /* ViewController.swift */; };
		4FEC762627F3F4EA000E548F /* Main.storyboard in Resources */ = {isa = PBXBuildFile; fileRef = 4FEC762427F3F4EA000E548F /* Main.storyboard */; };
		4FEC762827F3F4EC000E548F /* Assets.xcassets in Resources */ = {isa = PBXBuildFile; fileRef = 4FEC762727F3F4EC000E548F /* Assets.xcassets */; };
		4FEC762B27F3F4EC000E548F /* LaunchScreen.storyboard in Resources */ = {isa = PBXBuildFile; fileRef = 4FEC762927F3F4EC000E548F /* LaunchScreen.storyboard */; };
		4FEC763327F3F530000E548F /* Automovil.swift in Sources */ = {isa = PBXBuildFile; fileRef = 4FEC763227F3F530000E548F /* Automovil.swift */; };
		4FEC763727F40234000E548F /* NuevoAutoViewController.swift in Sources */ = {isa = PBXBuildFile; fileRef = 4FEC763627F40234000E548F /* NuevoAutoViewController.swift */; };
		4FEC763927F4104E000E548F /* AutosTableViewController.swift in Sources */ = {isa = PBXBuildFile; fileRef = 4FEC763827F4104E000E548F /* AutosTableViewController.swift */; };
		4FEC763B27F693BA000E548F /* SimpleViewController.swift in Sources */ = {isa = PBXBuildFile; fileRef = 4FEC763A27F693BA000E548F /* SimpleViewController.swift */; };
/* End PBXBuildFile section */

/* Begin PBXFileReference section */
		4FEC761B27F3F4EA000E548F /* Poo.app */ = {isa = PBXFileReference; explicitFileType = wrapper.application; includeInIndex = 0; path = Poo.app; sourceTree = BUILT_PRODUCTS_DIR; };
		4FEC761E27F3F4EA000E548F /* AppDelegate.swift */ = {isa = PBXFileReference; lastKnownFileType = sourcecode.swift; path = AppDelegate.swift; sourceTree = "<group>"; };
		4FEC762027F3F4EA000E548F /* SceneDelegate.swift */ = {isa = PBXFileReference; lastKnownFileType = sourcecode.swift; path = SceneDelegate.swift; sourceTree = "<group>"; };
		4FEC762227F3F4EA000E548F /* ViewController.swift */ = {isa = PBXFileReference; lastKnownFileType = sourcecode.swift; path = ViewController.swift; sourceTree = "<group>"; };
		4FEC762527F3F4EA000E548F /* Base */ = {isa = PBXFileReference; lastKnownFileType = file.storyboard; name = Base; path = Base.lproj/Main.storyboard; sourceTree = "<group>"; };
		4FEC762727F3F4EC000E548F /* Assets.xcassets */ = {isa = PBXFileReference; lastKnownFileType = folder.assetcatalog; path = Assets.xcassets; sourceTree = "<group>"; };
		4FEC762A27F3F4EC000E548F /* Base */ = {isa = PBXFileReference; lastKnownFileType = file.storyboard; name = Base; path = Base.lproj/LaunchScreen.storyboard; sourceTree = "<group>"; };
		4FEC762C27F3F4EC000E548F /* Info.plist */ = {isa = PBXFileReference; lastKnownFileType = text.plist.xml; path = Info.plist; sourceTree = "<group>"; };
		4FEC763227F3F530000E548F /* Automovil.swift */ = {isa = PBXFileReference; lastKnownFileType = sourcecode.swift; path = Automovil.swift; sourceTree = "<group>"; };
		4FEC763627F40234000E548F /* NuevoAutoViewController.swift */ = {isa = PBXFileReference; lastKnownFileType = sourcecode.swift; path = NuevoAutoViewController.swift; sourceTree = "<group>"; };
		4FEC763827F4104E000E548F /* AutosTableViewController.swift */ = {isa = PBXFileReference; lastKnownFileType = sourcecode.swift; path = AutosTableViewController.swift; sourceTree = "<group>"; };
		4FEC763A27F693BA000E548F /* SimpleViewController.swift */ = {isa = PBXFileReference; lastKnownFileType = sourcecode.swift; path = SimpleViewController.swift; sourceTree = "<group>"; };
/* End PBXFileReference section */

/* Begin PBXFrameworksBuildPhase section */
		4FEC761827F3F4EA000E548F /* Frameworks */ = {
			isa = PBXFrameworksBuildPhase;
			buildActionMask = 2147483647;
			files = (
			);
			runOnlyForDeploymentPostprocessing = 0;
		};
/* End PBXFrameworksBuildPhase section */

/* Begin PBXGroup section */
		4FEC761227F3F4EA000E548F = {
			isa = PBXGroup;
			children = (
				4FEC761D27F3F4EA000E548F /* Poo */,
				4FEC761C27F3F4EA000E548F /* Products */,
			);
			sourceTree = "<group>";
		};
		4FEC761C27F3F4EA000E548F /* Products */ = {
			isa = PBXGroup;
			children = (
				4FEC761B27F3F4EA000E548F /* Poo.app */,
			);
			name = Products;
			sourceTree = "<group>";
		};
		4FEC761D27F3F4EA000E548F /* Poo */ = {
			isa = PBXGroup;
			children = (
				4FEC761E27F3F4EA000E548F /* AppDelegate.swift */,
				4FEC762027F3F4EA000E548F /* SceneDelegate.swift */,
				4FEC762227F3F4EA000E548F /* ViewController.swift */,
				4FEC763A27F693BA000E548F /* SimpleViewController.swift */,
				4FEC763627F40234000E548F /* NuevoAutoViewController.swift */,
				4FEC763827F4104E000E548F /* AutosTableViewController.swift */,
				4FEC763227F3F530000E548F /* Automovil.swift */,
				4FEC762427F3F4EA000E548F /* Main.storyboard */,
				4FEC762727F3F4EC000E548F /* Assets.xcassets */,
				4FEC762927F3F4EC000E548F /* LaunchScreen.storyboard */,
				4FEC762C27F3F4EC000E548F /* Info.plist */,
			);
			path = Poo;
			sourceTree = "<group>";
		};
/* End PBXGroup section */

/* Begin PBXNativeTarget section */
		4FEC761A27F3F4EA000E548F /* Poo */ = {
			isa = PBXNativeTarget;
			buildConfigurationList = 4FEC762F27F3F4EC000E548F /* Build configuration list for PBXNativeTarget "Poo" */;
			buildPhases = (
				4FEC761727F3F4EA000E548F /* Sources */,
				4FEC761827F3F4EA000E548F /* Frameworks */,
				4FEC761927F3F4EA000E548F /* Resources */,
			);
			buildRules = (
			);
			dependencies = (
			);
			name = Poo;
			productName = Poo;
			productReference = 4FEC761B27F3F4EA000E548F /* Poo.app */;
			productType = "com.apple.product-type.application";
		};
/* End PBXNativeTarget section */

/* Begin PBXProject section */
		4FEC761327F3F4EA000E548F /* Project object */ = {
			isa = PBXProject;
			attributes = {
				BuildIndependentTargetsInParallel = 1;
				LastSwiftUpdateCheck = 1330;
				LastUpgradeCheck = 1330;
				TargetAttributes = {
					4FEC761A27F3F4EA000E548F = {
						CreatedOnToolsVersion = 13.3;
					};
				};
			};
			buildConfigurationList = 4FEC761627F3F4EA000E548F /* Build configuration list for PBXProject "Poo" */;
			compatibilityVersion = "Xcode 13.0";
			developmentRegion = en;
			hasScannedForEncodings = 0;
			knownRegions = (
				en,
				Base,
			);
			mainGroup = 4FEC761227F3F4EA000E548F;
			productRefGroup = 4FEC761C27F3F4EA000E548F /* Products */;
			projectDirPath = "";
			projectRoot = "";
			targets = (
				4FEC761A27F3F4EA000E548F /* Poo */,
			);
		};
/* End PBXProject section */

/* Begin PBXResourcesBuildPhase section */
		4FEC761927F3F4EA000E548F /* Resources */ = {
			isa = PBXResourcesBuildPhase;
			buildActionMask = 2147483647;
			files = (
				4FEC762B27F3F4EC000E548F /* LaunchScreen.storyboard in Resources */,
				4FEC762827F3F4EC000E548F /* Assets.xcassets in Resources */,
				4FEC762627F3F4EA000E548F /* Main.storyboard in Resources */,
			);
			runOnlyForDeploymentPostprocessing = 0;
		};
/* End PBXResourcesBuildPhase section */

/* Begin PBXSourcesBuildPhase section */
		4FEC761727F3F4EA000E548F /* Sources */ = {
			isa = PBXSourcesBuildPhase;
			buildActionMask = 2147483647;
			files = (
				4FEC762327F3F4EA000E548F /* ViewController.swift in Sources */,
				4FEC761F27F3F4EA000E548F /* AppDelegate.swift in Sources */,
				4FEC763927F4104E000E548F /* AutosTableViewController.swift in Sources */,
				4FEC763727F40234000E548F /* NuevoAutoViewController.swift in Sources */,
				4FEC763327F3F530000E548F /* Automovil.swift in Sources */,
				4FEC763B27F693BA000E548F /* SimpleViewController.swift in Sources */,
				4FEC762127F3F4EA000E548F /* SceneDelegate.swift in Sources */,
			);
			runOnlyForDeploymentPostprocessing = 0;
		};
/* End PBXSourcesBuildPhase section */

/* Begin PBXVariantGroup section */
		4FEC762427F3F4EA000E548F /* Main.storyboard */ = {
			isa = PBXVariantGroup;
			children = (
				4FEC762527F3F4EA000E548F /* Base */,
			);
			name = Main.storyboard;
			sourceTree = "<group>";
		};
		4FEC762927F3F4EC000E548F /* LaunchScreen.storyboard */ = {
			isa = PBXVariantGroup;
			children = (
				4FEC762A27F3F4EC000E548F /* Base */,
			);
			name = LaunchScreen.storyboard;
			sourceTree = "<group>";
		};
/* End PBXVariantGroup section */

/* Begin XCBuildConfiguration section */
		4FEC762D27F3F4EC000E548F /* Debug */ = {
			isa = XCBuildConfiguration;
			buildSettings = {
				ALWAYS_SEARCH_USER_PATHS = NO;
				CLANG_ANALYZER_NONNULL = YES;
				CLANG_ANALYZER_NUMBER_OBJECT_CONVERSION = YES_AGGRESSIVE;
				CLANG_CXX_LANGUAGE_STANDARD = "gnu++17";
				CLANG_ENABLE_MODULES = YES;
				CLANG_ENABLE_OBJC_ARC = YES;
				CLANG_ENABLE_OBJC_WEAK = YES;
				CLANG_WARN_BLOCK_CAPTURE_AUTORELEASING = YES;
				CLANG_WARN_BOOL_CONVERSION = YES;
				CLANG_WARN_COMMA = YES;
				CLANG_WARN_CONSTANT_CONVERSION = YES;
				CLANG_WARN_DEPRECATED_OBJC_IMPLEMENTATIONS = YES;
				CLANG_WARN_DIRECT_OBJC_ISA_USAGE = YES_ERROR;
				CLANG_WARN_DOCUMENTATION_COMMENTS = YES;
				CLANG_WARN_EMPTY_BODY = YES;
				CLANG_WARN_ENUM_CONVERSION = YES;
				CLANG_WARN_INFINITE_RECURSION = YES;
				CLANG_WARN_INT_CONVERSION = YES;
				CLANG_WARN_NON_LITERAL_NULL_CONVERSION = YES;
				CLANG_WARN_OBJC_IMPLICIT_RETAIN_SELF = YES;
				CLANG_WARN_OBJC_LITERAL_CONVERSION = YES;
				CLANG_WARN_OBJC_ROOT_CLASS = YES_ERROR;
				CLANG_WARN_QUOTED_INCLUDE_IN_FRAMEWORK_HEADER = YES;
				CLANG_WARN_RANGE_LOOP_ANALYSIS = YES;
				CLANG_WARN_STRICT_PROTOTYPES = YES;
				CLANG_WARN_SUSPICIOUS_MOVE = YES;
				CLANG_WARN_UNGUARDED_AVAILABILITY = YES_AGGRESSIVE;
				CLANG_WARN_UNREACHABLE_CODE = YES;
				CLANG_WARN__DUPLICATE_METHOD_MATCH = YES;
				COPY_PHASE_STRIP = NO;
				DEBUG_INFORMATION_FORMAT = dwarf;
				ENABLE_STRICT_OBJC_MSGSEND = YES;
				ENABLE_TESTABILITY = YES;
				GCC_C_LANGUAGE_STANDARD = gnu11;
				GCC_DYNAMIC_NO_PIC = NO;
				GCC_NO_COMMON_BLOCKS = YES;
				GCC_OPTIMIZATION_LEVEL = 0;
				GCC_PREPROCESSOR_DEFINITIONS = (
					"DEBUG=1",
					"$(inherited)",
				);
				GCC_WARN_64_TO_32_BIT_CONVERSION = YES;
				GCC_WARN_ABOUT_RETURN_TYPE = YES_ERROR;
				GCC_WARN_UNDECLARED_SELECTOR = YES;
				GCC_WARN_UNINITIALIZED_AUTOS = YES_AGGRESSIVE;
				GCC_WARN_UNUSED_FUNCTION = YES;
				GCC_WARN_UNUSED_VARIABLE = YES;
				IPHONEOS_DEPLOYMENT_TARGET = 15.4;
				MTL_ENABLE_DEBUG_INFO = INCLUDE_SOURCE;
				MTL_FAST_MATH = YES;
				ONLY_ACTIVE_ARCH = YES;
				SDKROOT = iphoneos;
				SWIFT_ACTIVE_COMPILATION_CONDITIONS = DEBUG;
				SWIFT_OPTIMIZATION_LEVEL = "-Onone";
			};
			name = Debug;
		};
		4FEC762E27F3F4EC000E548F /* Release */ = {
			isa = XCBuildConfiguration;
			buildSettings = {
				ALWAYS_SEARCH_USER_PATHS = NO;
				CLANG_ANALYZER_NONNULL = YES;
				CLANG_ANALYZER_NUMBER_OBJECT_CONVERSION = YES_AGGRESSIVE;
				CLANG_CXX_LANGUAGE_STANDARD = "gnu++17";
				CLANG_ENABLE_MODULES = YES;
				CLANG_ENABLE_OBJC_ARC = YES;
				CLANG_ENABLE_OBJC_WEAK = YES;
				CLANG_WARN_BLOCK_CAPTURE_AUTORELEASING = YES;
				CLANG_WARN_BOOL_CONVERSION = YES;
				CLANG_WARN_COMMA = YES;
				CLANG_WARN_CONSTANT_CONVERSION = YES;
				CLANG_WARN_DEPRECATED_OBJC_IMPLEMENTATIONS = YES;
				CLANG_WARN_DIRECT_OBJC_ISA_USAGE = YES_ERROR;
				CLANG_WARN_DOCUMENTATION_COMMENTS = YES;
				CLANG_WARN_EMPTY_BODY = YES;
				CLANG_WARN_ENUM_CONVERSION = YES;
				CLANG_WARN_INFINITE_RECURSION = YES;
				CLANG_WARN_INT_CONVERSION = YES;
				CLANG_WARN_NON_LITERAL_NULL_CONVERSION = YES;
				CLANG_WARN_OBJC_IMPLICIT_RETAIN_SELF = YES;
				CLANG_WARN_OBJC_LITERAL_CONVERSION = YES;
				CLANG_WARN_OBJC_ROOT_CLASS = YES_ERROR;
				CLANG_WARN_QUOTED_INCLUDE_IN_FRAMEWORK_HEADER = YES;
				CLANG_WARN_RANGE_LOOP_ANALYSIS = YES;
				CLANG_WARN_STRICT_PROTOTYPES = YES;
				CLANG_WARN_SUSPICIOUS_MOVE = YES;
				CLANG_WARN_UNGUARDED_AVAILABILITY = YES_AGGRESSIVE;
				CLANG_WARN_UNREACHABLE_CODE = YES;
				CLANG_WARN__DUPLICATE_METHOD_MATCH = YES;
				COPY_PHASE_STRIP = NO;
				DEBUG_INFORMATION_FORMAT = "dwarf-with-dsym";
				ENABLE_NS_ASSERTIONS = NO;
				ENABLE_STRICT_OBJC_MSGSEND = YES;
				GCC_C_LANGUAGE_STANDARD = gnu11;
				GCC_NO_COMMON_BLOCKS = YES;
				GCC_WARN_64_TO_32_BIT_CONVERSION = YES;
				GCC_WARN_ABOUT_RETURN_TYPE = YES_ERROR;
				GCC_WARN_UNDECLARED_SELECTOR = YES;
				GCC_WARN_UNINITIALIZED_AUTOS = YES_AGGRESSIVE;
				GCC_WARN_UNUSED_FUNCTION = YES;
				GCC_WARN_UNUSED_VARIABLE = YES;
				IPHONEOS_DEPLOYMENT_TARGET = 15.4;
				MTL_ENABLE_DEBUG_INFO = NO;
				MTL_FAST_MATH = YES;
				SDKROOT = iphoneos;
				SWIFT_COMPILATION_MODE = wholemodule;
				SWIFT_OPTIMIZATION_LEVEL = "-O";
				VALIDATE_PRODUCT = YES;
			};
			name = Release;
		};
		4FEC763027F3F4EC000E548F /* Debug */ = {
			isa = XCBuildConfiguration;
			buildSettings = {
				ASSETCATALOG_COMPILER_APPICON_NAME = AppIcon;
				ASSETCATALOG_COMPILER_GLOBAL_ACCENT_COLOR_NAME = AccentColor;
				CODE_SIGN_STYLE = Automatic;
				CURRENT_PROJECT_VERSION = 1;
				DEVELOPMENT_TEAM = 9QBMZ8BTMU;
				GENERATE_INFOPLIST_FILE = YES;
				INFOPLIST_FILE = Poo/Info.plist;
				INFOPLIST_KEY_UIApplicationSupportsIndirectInputEvents = YES;
				INFOPLIST_KEY_UILaunchStoryboardName = LaunchScreen;
				INFOPLIST_KEY_UIMainStoryboardFile = Main;
				INFOPLIST_KEY_UISupportedInterfaceOrientations_iPad = "UIInterfaceOrientationPortrait UIInterfaceOrientationPortraitUpsideDown UIInterfaceOrientationLandscapeLeft UIInterfaceOrientationLandscapeRight";
				INFOPLIST_KEY_UISupportedInterfaceOrientations_iPhone = "UIInterfaceOrientationPortrait UIInterfaceOrientationLandscapeLeft UIInterfaceOrientationLandscapeRight";
				IPHONEOS_DEPLOYMENT_TARGET = 14.0;
				LD_RUNPATH_SEARCH_PATHS = (
					"$(inherited)",
					"@executable_path/Frameworks",
				);
				MARKETING_VERSION = 1.0;
				PRODUCT_BUNDLE_IDENTIFIER = com.CarlosRios.Poo;
				PRODUCT_NAME = "$(TARGET_NAME)";
				SWIFT_EMIT_LOC_STRINGS = YES;
				SWIFT_VERSION = 5.0;
				TARGETED_DEVICE_FAMILY = "1,2";
			};
			name = Debug;
		};
		4FEC763127F3F4EC000E548F /* Release */ = {
			isa = XCBuildConfiguration;
			buildSettings = {
				ASSETCATALOG_COMPILER_APPICON_NAME = AppIcon;
				ASSETCATALOG_COMPILER_GLOBAL_ACCENT_COLOR_NAME = AccentColor;
				CODE_SIGN_STYLE = Automatic;
				CURRENT_PROJECT_VERSION = 1;
				DEVELOPMENT_TEAM = 9QBMZ8BTMU;
				GENERATE_INFOPLIST_FILE = YES;
				INFOPLIST_FILE = Poo/Info.plist;
				INFOPLIST_KEY_UIApplicationSupportsIndirectInputEvents = YES;
				INFOPLIST_KEY_UILaunchStoryboardName = LaunchScreen;
				INFOPLIST_KEY_UIMainStoryboardFile = Main;
				INFOPLIST_KEY_UISupportedInterfaceOrientations_iPad = "UIInterfaceOrientationPortrait UIInterfaceOrientationPortraitUpsideDown UIInterfaceOrientationLandscapeLeft UIInterfaceOrientationLandscapeRight";
				INFOPLIST_KEY_UISupportedInterfaceOrientations_iPhone = "UIInterfaceOrientationPortrait UIInterfaceOrientationLandscapeLeft UIInterfaceOrientationLandscapeRight";
				IPHONEOS_DEPLOYMENT_TARGET = 14.0;
				LD_RUNPATH_SEARCH_PATHS = (
					"$(inherited)",
					"@executable_path/Frameworks",
				);
				MARKETING_VERSION = 1.0;
				PRODUCT_BUNDLE_IDENTIFIER = com.CarlosRios.Poo;
				PRODUCT_NAME = "$(TARGET_NAME)";
				SWIFT_EMIT_LOC_STRINGS = YES;
				SWIFT_VERSION = 5.0;
				TARGETED_DEVICE_FAMILY = "1,2";
			};
			name = Release;
		};
/* End XCBuildConfiguration section */

/* Begin XCConfigurationList section */
		4FEC761627F3F4EA000E548F /* Build configuration list for PBXProject "Poo" */ = {
			isa = XCConfigurationList;
			buildConfigurations = (
				4FEC762D27F3F4EC000E548F /* Debug */,
				4FEC762E27F3F4EC000E548F /* Release */,
			);
			defaultConfigurationIsVisible = 0;
			defaultConfigurationName = Release;
		};
		4FEC762F27F3F4EC000E548F /* Build configuration list for PBXNativeTarget "Poo" */ = {
			isa = XCConfigurationList;
			buildConfigurations = (
				4FEC763027F3F4EC000E548F /* Debug */,
				4FEC763127F3F4EC000E548F /* Release */,
			);
			defaultConfigurationIsVisible = 0;
			defaultConfigurationName = Release;
		};
/* End XCConfigurationList section */
	};
	rootObject = 4FEC761327F3F4EA000E548F /* Project object */;
}
